
Microsoft Visual Studio Solution File, Format Version 12.00
# Visual Studio Version 17
VisualStudioVersion = 17.4.33213.308
MinimumVisualStudioVersion = 10.0.40219.1
Project("{FAE04EC0-301F-11D3-BF4B-00C04F79EFBC}") = "ContentTest", "ContentTest\ContentTest.csproj", "{0606D4DE-0501-4D2B-AE26-CB12F1C6C2FB}"
EndProject
Global
	GlobalSection(SolutionConfigurationPlatforms) = preSolution
		Debug|Any CPU = Debug|Any CPU
		Release|Any CPU = Release|Any CPU
	EndGlobalSection
	GlobalSection(ProjectConfigurationPlatforms) = postSolution
		{0606D4DE-0501-4D2B-AE26-CB12F1C6C2FB}.Debug|Any CPU.ActiveCfg = Debug|Any CPU
		{0606D4DE-0501-4D2B-AE26-CB12F1C6C2FB}.Debug|Any CPU.Build.0 = Debug|Any CPU
		{0606D4DE-0501-4D2B-AE26-CB12F1C6C2FB}.Release|Any CPU.ActiveCfg = Release|Any CPU
		{0606D4DE-0501-4D2B-AE26-CB12F1C6C2FB}.Release|Any CPU.Build.0 = Release|Any CPU
	EndGlobalSection
	GlobalSection(SolutionProperties) = preSolution
		HideSolutionNode = FALSE
	EndGlobalSection
	GlobalSection(ExtensibilityGlobals) = postSolution
		SolutionGuid = {BBE7941A-1F33-4172-BB87-08A4D0AFC9C1}
	EndGlobalSection
EndGlobal
